
Microsoft Visual Studio Solution File, Format Version 12.00
# Visual Studio 15
VisualStudioVersion = 15.0.26403.0
MinimumVisualStudioVersion = 10.0.40219.1
Project("{FAE04EC0-301F-11D3-BF4B-00C04F79EFBC}") = "Calculadora", "Calculadora\Calculadora.csproj", "{504C6F5C-9E8E-4542-9BF8-2DCAD2E43573}"
EndProject
Project("{FAE04EC0-301F-11D3-BF4B-00C04F79EFBC}") = "Calculadora (Teste)", "Calculadora (Teste)\Calculadora (Teste).csproj", "{A8422489-4587-4F58-AAD4-6CE721306543}"
EndProject
Global
	GlobalSection(SolutionConfigurationPlatforms) = preSolution
		Debug|Any CPU = Debug|Any CPU
		Release|Any CPU = Release|Any CPU
	EndGlobalSection
	GlobalSection(ProjectConfigurationPlatforms) = postSolution
		{504C6F5C-9E8E-4542-9BF8-2DCAD2E43573}.Debug|Any CPU.ActiveCfg = Debug|Any CPU
		{504C6F5C-9E8E-4542-9BF8-2DCAD2E43573}.Debug|Any CPU.Build.0 = Debug|Any CPU
		{504C6F5C-9E8E-4542-9BF8-2DCAD2E43573}.Release|Any CPU.ActiveCfg = Release|Any CPU
		{504C6F5C-9E8E-4542-9BF8-2DCAD2E43573}.Release|Any CPU.Build.0 = Release|Any CPU
		{A8422489-4587-4F58-AAD4-6CE721306543}.Debug|Any CPU.ActiveCfg = Debug|Any CPU
		{A8422489-4587-4F58-AAD4-6CE721306543}.Debug|Any CPU.Build.0 = Debug|Any CPU
		{A8422489-4587-4F58-AAD4-6CE721306543}.Release|Any CPU.ActiveCfg = Release|Any CPU
		{A8422489-4587-4F58-AAD4-6CE721306543}.Release|Any CPU.Build.0 = Release|Any CPU
	EndGlobalSection
	GlobalSection(SolutionProperties) = preSolution
		HideSolutionNode = FALSE
	EndGlobalSection
EndGlobal
